# THIS IS AN AUTOGENERATED FILE. DO NOT EDIT THIS FILE DIRECTLY.
# yarn lockfile v1


"@types/node@^12.7.2":
  version "12.7.2"
  resolved "https://registry.yarnpkg.com/@types/node/-/node-12.7.2.tgz#c4e63af5e8823ce9cc3f0b34f7b998c2171f0c44"
  integrity sha512-dyYO+f6ihZEtNPDcWNR1fkoTDf3zAK3lAABDze3mz6POyIercH0lEUawUFXlG8xaQZmm1yEBON/4TsYv/laDYg==

fast-extend@0.0.2:
  version "0.0.2"
  resolved "https://registry.yarnpkg.com/fast-extend/-/fast-extend-0.0.2.tgz#f5ec42cf40b9460f521a6387dfb52deeed671dbd"
  integrity sha1-9exCz0C5Rg9SGmOH37Ut7u1nHb0=

fs-monkey@^0.3.3:
  version "0.3.3"
  resolved "https://registry.yarnpkg.com/fs-monkey/-/fs-monkey-0.3.3.tgz#7960bb2b1fa2653731b9d0e2e84812a7e8b3664a"
  integrity sha512-FNUvuTAJ3CqCQb5ELn+qCbGR/Zllhf2HtwsdAtBi59s1WeCjKMT81fHcSu7dwIskqGVK+MmOrb7VOBlq3/SItw==

memfs@^2.15.5:
  version "2.15.5"
  resolved "https://registry.yarnpkg.com/memfs/-/memfs-2.15.5.tgz#9cf189cd4a81c1593c1629e081cd6ae98b37d441"
  integrity sha512-x8v6Uok7FRuPt8RNXnIk3HzSFB2kaJtoT6ztpfIxxURjBPPsu4eKA+ZDLQ5GdV8+Lx71+vdMaBzHxy51vLQ7dw==
  dependencies:
    fast-extend "0.0.2"
    fs-monkey "^0.3.3"

typescript@^3.5.3:
  version "3.5.3"
  resolved "https://registry.yarnpkg.com/typescript/-/typescript-3.5.3.tgz#c830f657f93f1ea846819e929092f5fe5983e977"
  integrity sha512-ACzBtm/PhXBDId6a6sDJfroT2pOWt/oOnk4/dElG5G33ZL776N3Y6/6bKZJBFpd+b05F3Ct9qDjMeJmRWtE2/g==
